dependencies:
  espressif/wasm-micro-runtime:
    component_hash: 04f25aad2896b5e906397a061d35cce560609bebd3913a4be7e365ecbf2dd9d6
    dependencies:
    - name: idf
      require: private
      version: '>=5.1'
    source:
      registry_url: https://components.espressif.com/
      type: service
    targets:
    - esp32
    - esp32s3
    - esp32c3
    - esp32c6
    - esp32p4
    - esp32c5
    version: 2.4.0~1
  idf:
    source:
      type: idf
    version: 5.4.4
direct_dependencies:
- espressif/wasm-micro-runtime
manifest_hash: 2915c87bbbb4002ac21c3e598680f5204fded60ca89131ba8adb3a8b8f0a3148
target: esp32
version: 2.0.0
